lockfileVersion: '9.0'

settings:
  autoInstallPeers: true
  excludeLinksFromLockfile: false

importers:

  .:
    dependencies:
      '@toon-format/toon':
        specifier: ^2.1.0
        version: 2.1.0
      tsc:
        specifier: ^2.0.4
        version: 2.0.4
      typescript:
        specifier: ^6.0.2
        version: 6.0.2
    devDependencies:
      '@types/node':
        specifier: ^25.5.0
        version: 25.5.0

packages:

  '@toon-format/toon@2.1.0':
    resolution: {integrity: sha512-JwWptdF5eOA0HaQxbKAzkpQtR4wSWTEfDlEy/y3/4okmOAX1qwnpLZMmtEWr+ncAhTTY1raCKH0kteHhSXnQqg==}

  '@types/node@25.5.0':
    resolution: {integrity: sha512-jp2P3tQMSxWugkCUKLRPVUpGaL5MVFwF8RDuSRztfwgN1wmqJeMSbKlnEtQqU8UrhTmzEmZdu2I6v2dpp7XIxw==}

  tsc@2.0.4:
    resolution: {integrity: sha512-fzoSieZI5KKJVBYGvwbVZs/J5za84f2lSTLPYf6AGiIf43tZ3GNrI1QzTLcjtyDDP4aLxd46RTZq1nQxe7+k5Q==}
    hasBin: true

  typescript@6.0.2:
    resolution: {integrity: sha512-bGdAIrZ0wiGDo5l8c++HWtbaNCWTS4UTv7RaTH/ThVIgjkveJt83m74bBHMJkuCbslY8ixgLBVZJIOiQlQTjfQ==}
    engines: {node: '>=14.17'}
    hasBin: true

  undici-types@7.18.2:
    resolution: {integrity: sha512-AsuCzffGHJybSaRrmr5eHr81mwJU3kjw6M+uprWvCXiNeN9SOGwQ3Jn8jb8m3Z6izVgknn1R0FTCEAP2QrLY/w==}

snapshots:

  '@toon-format/toon@2.1.0': {}

  '@types/node@25.5.0':
    dependencies:
      undici-types: 7.18.2

  tsc@2.0.4: {}

  typescript@6.0.2: {}

  undici-types@7.18.2: {}
